
Microsoft Visual Studio Solution File, Format Version 12.00
Project("{FAE04EC0-301F-11D3-BF4B-00C04F79EFBC}") = "Client.Avalonia", "Client.Avalonia\Client.Avalonia.csproj", "{5CA6F846-64BC-4BED-A932-01C8EB090E9F}"
EndProject
Project("{FAE04EC0-301F-11D3-BF4B-00C04F79EFBC}") = "Common.Avalonia", "Common.Avalonia\Common.Avalonia.csproj", "{74710D44-81C4-46AC-B066-CE72AB8249F6}"
EndProject
Project("{FAE04EC0-301F-11D3-BF4B-00C04F79EFBC}") = "Upgrade.Avalonia", "Upgrade.Avalonia\Upgrade.Avalonia.csproj", "{2AC04D27-3F2F-472A-BFA7-FF7518CCAF9F}"
EndProject
Project("{2150E333-8FDC-42A3-9474-1A3956D46DE8}") = "Solution Items", "Solution Items", "{3DA99C4E-89E3-4049-9C22-0A7EC60D83D8}"
	ProjectSection(SolutionItems) = preProject
		Directory.Packages.props = Directory.Packages.props
	EndProjectSection
EndProject
Global
	GlobalSection(SolutionConfigurationPlatforms) = preSolution
		Debug|Any CPU = Debug|Any CPU
		Release|Any CPU = Release|Any CPU
	EndGlobalSection
	GlobalSection(ProjectConfigurationPlatforms) = postSolution
		{5CA6F846-64BC-4BED-A932-01C8EB090E9F}.Debug|Any CPU.ActiveCfg = Debug|Any CPU
    	{5CA6F846-64BC-4BED-A932-01C8EB090E9F}.Debug|Any CPU.Build.0 = Debug|Any CPU
    	{5CA6F846-64BC-4BED-A932-01C8EB090E9F}.Release|Any CPU.ActiveCfg = Release|Any CPU
    	{5CA6F846-64BC-4BED-A932-01C8EB090E9F}.Release|Any CPU.Build.0 = Release|Any CPU
		{74710D44-81C4-46AC-B066-CE72AB8249F6}.Debug|Any CPU.ActiveCfg = Debug|Any CPU
		{74710D44-81C4-46AC-B066-CE72AB8249F6}.Debug|Any CPU.Build.0 = Debug|Any CPU
		{74710D44-81C4-46AC-B066-CE72AB8249F6}.Release|Any CPU.ActiveCfg = Release|Any CPU
		{74710D44-81C4-46AC-B066-CE72AB8249F6}.Release|Any CPU.Build.0 = Release|Any CPU
		{2AC04D27-3F2F-472A-BFA7-FF7518CCAF9F}.Debug|Any CPU.ActiveCfg = Debug|Any CPU
		{2AC04D27-3F2F-472A-BFA7-FF7518CCAF9F}.Debug|Any CPU.Build.0 = Debug|Any CPU
		{2AC04D27-3F2F-472A-BFA7-FF7518CCAF9F}.Release|Any CPU.ActiveCfg = Release|Any CPU
		{2AC04D27-3F2F-472A-BFA7-FF7518CCAF9F}.Release|Any CPU.Build.0 = Release|Any CPU
	EndGlobalSection
EndGlobal
