
Microsoft Visual Studio Solution File, Format Version 12.00
Project("{FAE04EC0-301F-11D3-BF4B-00C04F79EFBC}") = "StartManager", "StartManager.csproj", "{71AEF1B1-59F0-422F-BE82-5C7EC1E00AFE}"
EndProject
Global
	GlobalSection(SolutionConfigurationPlatforms) = preSolution
		Debug|Any CPU = Debug|Any CPU
		Release|Any CPU = Release|Any CPU
	EndGlobalSection
	GlobalSection(ProjectConfigurationPlatforms) = postSolution
		{71AEF1B1-59F0-422F-BE82-5C7EC1E00AFE}.Debug|Any CPU.ActiveCfg = Debug|Any CPU
		{71AEF1B1-59F0-422F-BE82-5C7EC1E00AFE}.Debug|Any CPU.Build.0 = Debug|Any CPU
		{71AEF1B1-59F0-422F-BE82-5C7EC1E00AFE}.Release|Any CPU.ActiveCfg = Release|Any CPU
		{71AEF1B1-59F0-422F-BE82-5C7EC1E00AFE}.Release|Any CPU.Build.0 = Release|Any CPU
	EndGlobalSection
EndGlobal
