
Microsoft Visual Studio Solution File, Format Version 12.00
# Visual Studio Version 17
VisualStudioVersion = 17.5.33209.295
MinimumVisualStudioVersion = 10.0.40219.1
Project("{9A19103F-16F7-4668-BE54-9A1E7A4F7556}") = "TestWpfApp", "TestWpfApp.csproj", "{5E64B1F7-B1E7-46DC-B2B2-4C92BE76502E}"
EndProject
Project("{FAE04EC0-301F-11D3-BF4B-00C04F79EFBC}") = "TestWpfUpgradeApp", "..\TestWpfUpgradeApp\TestWpfUpgradeApp.csproj", "{8944102E-0DD9-4899-86F2-64BA54DE7EFC}"
EndProject
Global
	GlobalSection(SolutionConfigurationPlatforms) = preSolution
		Debug|Any CPU = Debug|Any CPU
		Release|Any CPU = Release|Any CPU
	EndGlobalSection
	GlobalSection(ProjectConfigurationPlatforms) = postSolution
		{5E64B1F7-B1E7-46DC-B2B2-4C92BE76502E}.Debug|Any CPU.ActiveCfg = Debug|Any CPU
		{5E64B1F7-B1E7-46DC-B2B2-4C92BE76502E}.Debug|Any CPU.Build.0 = Debug|Any CPU
		{5E64B1F7-B1E7-46DC-B2B2-4C92BE76502E}.Release|Any CPU.ActiveCfg = Release|Any CPU
		{5E64B1F7-B1E7-46DC-B2B2-4C92BE76502E}.Release|Any CPU.Build.0 = Release|Any CPU
		{8944102E-0DD9-4899-86F2-64BA54DE7EFC}.Debug|Any CPU.ActiveCfg = Debug|Any CPU
		{8944102E-0DD9-4899-86F2-64BA54DE7EFC}.Debug|Any CPU.Build.0 = Debug|Any CPU
		{8944102E-0DD9-4899-86F2-64BA54DE7EFC}.Release|Any CPU.ActiveCfg = Release|Any CPU
		{8944102E-0DD9-4899-86F2-64BA54DE7EFC}.Release|Any CPU.Build.0 = Release|Any CPU
	EndGlobalSection
	GlobalSection(SolutionProperties) = preSolution
		HideSolutionNode = FALSE
	EndGlobalSection
	GlobalSection(ExtensibilityGlobals) = postSolution
		SolutionGuid = {747833AB-5E9D-4709-9A24-8360B636BD34}
	EndGlobalSection
EndGlobal
