
Microsoft Visual Studio Solution File, Format Version 12.00
# Visual Studio Version 17
VisualStudioVersion = 17.8.34309.116
MinimumVisualStudioVersion = 10.0.40219.1
Project("{FAE04EC0-301F-11D3-BF4B-00C04F79EFBC}") = "ServerSample", "ServerSample\ServerSample.csproj", "{F4E35325-BA08-43CC-B286-14E93CA4C37C}"
EndProject
Global
	GlobalSection(SolutionConfigurationPlatforms) = preSolution
		Debug|Any CPU = Debug|Any CPU
		Release|Any CPU = Release|Any CPU
	EndGlobalSection
	GlobalSection(ProjectConfigurationPlatforms) = postSolution
		{F4E35325-BA08-43CC-B286-14E93CA4C37C}.Debug|Any CPU.ActiveCfg = Debug|Any CPU
		{F4E35325-BA08-43CC-B286-14E93CA4C37C}.Debug|Any CPU.Build.0 = Debug|Any CPU
		{F4E35325-BA08-43CC-B286-14E93CA4C37C}.Release|Any CPU.ActiveCfg = Release|Any CPU
		{F4E35325-BA08-43CC-B286-14E93CA4C37C}.Release|Any CPU.Build.0 = Release|Any CPU
	EndGlobalSection
	GlobalSection(SolutionProperties) = preSolution
		HideSolutionNode = FALSE
	EndGlobalSection
	GlobalSection(ExtensibilityGlobals) = postSolution
		SolutionGuid = {673B3268-7260-44DE-882B-B6D6F21D87D7}
	EndGlobalSection
EndGlobal
