
Microsoft Visual Studio Solution File, Format Version 12.00
# Visual Studio Version 17
VisualStudioVersion = 17.8.34309.116
MinimumVisualStudioVersion = 10.0.40219.1
Project("{FAE04EC0-301F-11D3-BF4B-00C04F79EFBC}") = "MauiSample", "MauiSample.csproj", "{7C87ACA9-CC11-4080-817B-AB547AB35039}"
EndProject
Global
	GlobalSection(SolutionConfigurationPlatforms) = preSolution
		Debug|Any CPU = Debug|Any CPU
		Release|Any CPU = Release|Any CPU
	EndGlobalSection
	GlobalSection(ProjectConfigurationPlatforms) = postSolution
		{7C87ACA9-CC11-4080-817B-AB547AB35039}.Debug|Any CPU.ActiveCfg = Debug|Any CPU
		{7C87ACA9-CC11-4080-817B-AB547AB35039}.Debug|Any CPU.Build.0 = Debug|Any CPU
		{7C87ACA9-CC11-4080-817B-AB547AB35039}.Debug|Any CPU.Deploy.0 = Debug|Any CPU
		{7C87ACA9-CC11-4080-817B-AB547AB35039}.Release|Any CPU.ActiveCfg = Release|Any CPU
		{7C87ACA9-CC11-4080-817B-AB547AB35039}.Release|Any CPU.Build.0 = Release|Any CPU
		{7C87ACA9-CC11-4080-817B-AB547AB35039}.Release|Any CPU.Deploy.0 = Release|Any CPU
	EndGlobalSection
	GlobalSection(SolutionProperties) = preSolution
		HideSolutionNode = FALSE
	EndGlobalSection
	GlobalSection(ExtensibilityGlobals) = postSolution
		SolutionGuid = {436E8091-AB8D-4394-AF71-4E7E1C6150AD}
	EndGlobalSection
EndGlobal
