
Microsoft Visual Studio Solution File, Format Version 12.00
# Visual Studio Version 17
VisualStudioVersion = 17.5.33209.295
MinimumVisualStudioVersion = 10.0.40219.1
Project("{FAE04EC0-301F-11D3-BF4B-00C04F79EFBC}") = "TestAvaloniaApplication", "TestAvaloniaApplication.csproj", "{A5686B8E-3242-42C2-9979-1F8D43E62B08}"
EndProject
Global
	GlobalSection(SolutionConfigurationPlatforms) = preSolution
		Debug|Any CPU = Debug|Any CPU
		Release|Any CPU = Release|Any CPU
	EndGlobalSection
	GlobalSection(ProjectConfigurationPlatforms) = postSolution
		{A5686B8E-3242-42C2-9979-1F8D43E62B08}.Debug|Any CPU.ActiveCfg = Debug|Any CPU
		{A5686B8E-3242-42C2-9979-1F8D43E62B08}.Debug|Any CPU.Build.0 = Debug|Any CPU
		{A5686B8E-3242-42C2-9979-1F8D43E62B08}.Release|Any CPU.ActiveCfg = Release|Any CPU
		{A5686B8E-3242-42C2-9979-1F8D43E62B08}.Release|Any CPU.Build.0 = Release|Any CPU
	EndGlobalSection
	GlobalSection(SolutionProperties) = preSolution
		HideSolutionNode = FALSE
	EndGlobalSection
	GlobalSection(ExtensibilityGlobals) = postSolution
		SolutionGuid = {5F5DD419-F1A1-4820-B242-A634A244EF55}
	EndGlobalSection
EndGlobal
