
Microsoft Visual Studio Solution File, Format Version 12.00
# Visual Studio Version 17
VisualStudioVersion = 17.8.34309.116
MinimumVisualStudioVersion = 10.0.40219.1
Project("{9A19103F-16F7-4668-BE54-9A1E7A4F7556}") = "ClientSample", "ClientSample\ClientSample.csproj", "{5CB04287-325F-4C00-8AEE-A1FF0A3FB08D}"
EndProject
Project("{9A19103F-16F7-4668-BE54-9A1E7A4F7556}") = "ClientSample.Desktop", "ClientSample.Desktop\ClientSample.Desktop.csproj", "{7C28DEEC-64FA-43A4-A72E-78D51C324959}"
EndProject
Global
	GlobalSection(SolutionConfigurationPlatforms) = preSolution
		Debug|Any CPU = Debug|Any CPU
		Release|Any CPU = Release|Any CPU
	EndGlobalSection
	GlobalSection(ProjectConfigurationPlatforms) = postSolution
		{5CB04287-325F-4C00-8AEE-A1FF0A3FB08D}.Debug|Any CPU.ActiveCfg = Debug|Any CPU
		{5CB04287-325F-4C00-8AEE-A1FF0A3FB08D}.Debug|Any CPU.Build.0 = Debug|Any CPU
		{5CB04287-325F-4C00-8AEE-A1FF0A3FB08D}.Release|Any CPU.ActiveCfg = Release|Any CPU
		{5CB04287-325F-4C00-8AEE-A1FF0A3FB08D}.Release|Any CPU.Build.0 = Release|Any CPU
		{7C28DEEC-64FA-43A4-A72E-78D51C324959}.Debug|Any CPU.ActiveCfg = Debug|Any CPU
		{7C28DEEC-64FA-43A4-A72E-78D51C324959}.Debug|Any CPU.Build.0 = Debug|Any CPU
		{7C28DEEC-64FA-43A4-A72E-78D51C324959}.Release|Any CPU.ActiveCfg = Release|Any CPU
		{7C28DEEC-64FA-43A4-A72E-78D51C324959}.Release|Any CPU.Build.0 = Release|Any CPU
	EndGlobalSection
	GlobalSection(SolutionProperties) = preSolution
		HideSolutionNode = FALSE
	EndGlobalSection
	GlobalSection(ExtensibilityGlobals) = postSolution
		SolutionGuid = {9A2F08D9-8438-42E0-B513-CD4B39193A1B}
	EndGlobalSection
EndGlobal
