
Microsoft Visual Studio Solution File, Format Version 12.00
# Visual Studio Version 17
VisualStudioVersion = 17.8.34309.116
MinimumVisualStudioVersion = 10.0.40219.1
Project("{9A19103F-16F7-4668-BE54-9A1E7A4F7556}") = "UpgradeSample", "UpgradeSample\UpgradeSample.csproj", "{60C1DD26-EF63-4080-BEDA-53E8B1C3CEF3}"
EndProject
Project("{9A19103F-16F7-4668-BE54-9A1E7A4F7556}") = "UpgradeSample.Desktop", "UpgradeSample.Desktop\UpgradeSample.Desktop.csproj", "{7E159B0B-613A-4BC3-AB58-427E36C31F9A}"
EndProject
Global
	GlobalSection(SolutionConfigurationPlatforms) = preSolution
		Debug|Any CPU = Debug|Any CPU
		Release|Any CPU = Release|Any CPU
	EndGlobalSection
	GlobalSection(ProjectConfigurationPlatforms) = postSolution
		{60C1DD26-EF63-4080-BEDA-53E8B1C3CEF3}.Debug|Any CPU.ActiveCfg = Debug|Any CPU
		{60C1DD26-EF63-4080-BEDA-53E8B1C3CEF3}.Debug|Any CPU.Build.0 = Debug|Any CPU
		{60C1DD26-EF63-4080-BEDA-53E8B1C3CEF3}.Release|Any CPU.ActiveCfg = Release|Any CPU
		{60C1DD26-EF63-4080-BEDA-53E8B1C3CEF3}.Release|Any CPU.Build.0 = Release|Any CPU
		{7E159B0B-613A-4BC3-AB58-427E36C31F9A}.Debug|Any CPU.ActiveCfg = Debug|Any CPU
		{7E159B0B-613A-4BC3-AB58-427E36C31F9A}.Debug|Any CPU.Build.0 = Debug|Any CPU
		{7E159B0B-613A-4BC3-AB58-427E36C31F9A}.Release|Any CPU.ActiveCfg = Release|Any CPU
		{7E159B0B-613A-4BC3-AB58-427E36C31F9A}.Release|Any CPU.Build.0 = Release|Any CPU
	EndGlobalSection
	GlobalSection(SolutionProperties) = preSolution
		HideSolutionNode = FALSE
	EndGlobalSection
	GlobalSection(ExtensibilityGlobals) = postSolution
		SolutionGuid = {C95631FA-010D-47B7-B1E2-F061FC6CB57E}
	EndGlobalSection
EndGlobal
