<Solution>
  <Folder Name="/Solution Items/">
    <File Path="Directory.Packages.props" />
  </Folder>
  <Project Path="GeneralUpdate.Samples.Mafia.Android/GeneralUpdate.Samples.Mafia.Android.csproj" />
  <Project Path="GeneralUpdate.Samples.Mafia/GeneralUpdate.Samples.Mafia.csproj" />
  <Project Path="GeneralUpdate.Samples.Mafia.Desktop/GeneralUpdate.Samples.Mafia.Desktop.csproj" />
  <Project Path="Client.Avalonia/Client.Avalonia.csproj" />
  <Project Path="Common.Avalonia/Common.Avalonia.csproj" />
  <Project Path="Upgrade.Avalonia/Upgrade.Avalonia.csproj" />
</Solution>
