
Microsoft Visual Studio Solution File, Format Version 12.00
# Visual Studio Version 17
VisualStudioVersion = 17.8.34309.116
MinimumVisualStudioVersion = 10.0.40219.1
Project("{9A19103F-16F7-4668-BE54-9A1E7A4F7556}") = "ClientSample", "ClientSample\ClientSample.csproj", "{153CD39F-9E23-4B9D-BF9B-B18704A8EE4F}"
EndProject
Project("{9A19103F-16F7-4668-BE54-9A1E7A4F7556}") = "ClientSample.Desktop", "ClientSample.Desktop\ClientSample.Desktop.csproj", "{49426A1F-D414-48C9-8A32-7E74F74CD717}"
EndProject
Global
	GlobalSection(SolutionConfigurationPlatforms) = preSolution
		Debug|Any CPU = Debug|Any CPU
		Release|Any CPU = Release|Any CPU
	EndGlobalSection
	GlobalSection(ProjectConfigurationPlatforms) = postSolution
		{153CD39F-9E23-4B9D-BF9B-B18704A8EE4F}.Debug|Any CPU.ActiveCfg = Debug|Any CPU
		{153CD39F-9E23-4B9D-BF9B-B18704A8EE4F}.Debug|Any CPU.Build.0 = Debug|Any CPU
		{153CD39F-9E23-4B9D-BF9B-B18704A8EE4F}.Release|Any CPU.ActiveCfg = Release|Any CPU
		{153CD39F-9E23-4B9D-BF9B-B18704A8EE4F}.Release|Any CPU.Build.0 = Release|Any CPU
		{49426A1F-D414-48C9-8A32-7E74F74CD717}.Debug|Any CPU.ActiveCfg = Debug|Any CPU
		{49426A1F-D414-48C9-8A32-7E74F74CD717}.Debug|Any CPU.Build.0 = Debug|Any CPU
		{49426A1F-D414-48C9-8A32-7E74F74CD717}.Release|Any CPU.ActiveCfg = Release|Any CPU
		{49426A1F-D414-48C9-8A32-7E74F74CD717}.Release|Any CPU.Build.0 = Release|Any CPU
	EndGlobalSection
	GlobalSection(SolutionProperties) = preSolution
		HideSolutionNode = FALSE
	EndGlobalSection
	GlobalSection(ExtensibilityGlobals) = postSolution
		SolutionGuid = {5DB31BF1-5F9F-4CE6-9C1A-BB64B0C9667D}
	EndGlobalSection
EndGlobal
